
Microsoft Visual Studio Solution File, Format Version 12.00
# Visual Studio Version 17
VisualStudioVersion = 17.8.34330.188
MinimumVisualStudioVersion = 10.0.40219.1
Project("{FAE04EC0-301F-11D3-BF4B-00C04F79EFBC}") = "WebAppSecurity", "WebAppSecurity\WebAppSecurity.csproj", "{ADA4A7CD-82DE-4DAA-B2B0-678125D69FA1}"
EndProject
Global
	GlobalSection(SolutionConfigurationPlatforms) = preSolution
		Debug|Any CPU = Debug|Any CPU
		Release|Any CPU = Release|Any CPU
	EndGlobalSection
	GlobalSection(ProjectConfigurationPlatforms) = postSolution
		{ADA4A7CD-82DE-4DAA-B2B0-678125D69FA1}.Debug|Any CPU.ActiveCfg = Debug|Any CPU
		{ADA4A7CD-82DE-4DAA-B2B0-678125D69FA1}.Debug|Any CPU.Build.0 = Debug|Any CPU
		{ADA4A7CD-82DE-4DAA-B2B0-678125D69FA1}.Release|Any CPU.ActiveCfg = Release|Any CPU
		{ADA4A7CD-82DE-4DAA-B2B0-678125D69FA1}.Release|Any CPU.Build.0 = Release|Any CPU
	EndGlobalSection
	GlobalSection(SolutionProperties) = preSolution
		HideSolutionNode = FALSE
	EndGlobalSection
	GlobalSection(ExtensibilityGlobals) = postSolution
		SolutionGuid = {8459E83D-408F-4577-BE68-B5DA0817D3DB}
	EndGlobalSection
EndGlobal
